dependencies:
  idf:
    source:
      type: idf
    version: 5.1.5
  qmi8658c:
    component_hash: 532d4f8a80508f32eea525350010cf6c22979d123311c3fbc460d7c30d47f11b
    dependencies:
    - name: idf
      version: '>=4.4.0'
    source:
      git: https://github.com/Kyuubi0323/qmi8658c
      path: .
      type: git
    targets:
    - esp32
    - esp32s2
    - esp32s3
    - esp32c3
    - esp32c2
    - esp32c6
    - esp32h2
    version: eceb647c944a2ef11c6b56c0b0b25a15ac118492
  slog:
    component_hash: 6229255b62f0b1bb0b0284d58d8ac50b3b2e148eedc57c50c2d447ca0c6af718
    dependencies:
    - name: idf
      version: '>=4.4.0'
    source:
      git: https://github.com/Kyuubi0323/slog
      path: .
      type: git
    targets:
    - esp32
    - esp32s2
    - esp32s3
    - esp32c3
    - esp32c2
    - esp32c6
    - esp32h2
    version: 56e92c583654f1c0a5fb1e613b82c19092ff1fd4
  st7789:
    component_hash: 2ddcd6da0d7ea286a7a3b0cd47a37a5aaf3375c0c8960e6d724f8fae3251033d
    dependencies:
    - name: idf
      version: '>=4.4.0'
    source:
      git: https://github.com/Kyuubi0323/st7789
      path: .
      type: git
    targets:
    - esp32
    - esp32s2
    - esp32s3
    - esp32c3
    - esp32c2
    - esp32c6
    - esp32h2
    version: 7855cbc1d3a9f4866dbe227185b1d1966220bd9d
direct_dependencies:
- idf
- qmi8658c
- slog
- st7789
manifest_hash: 2ebf5a3c4638b2559a0588c39ca48929a6bbf2cfa3aa824e36822d2fdf37aa9f
target: esp32s3
version: 2.0.0
