dependencies:
  espressif/esp_jpeg:
    component_hash: 2baf80d6a59cc759d258282e87020eabf6952bc5add561054cd661fddc69a0f9
    dependencies:
    - name: idf
      require: private
      version: '>=5.0'
    source:
      registry_url: https://components.espressif.com/
      type: service
    version: 1.1.0
  idf:
    source:
      type: idf
    version: 5.1.5
direct_dependencies:
- espressif/esp_jpeg
manifest_hash: 58880dd18ca68c654e5b57c56043ef6b1666cfc4dc75a4ab2e86342d6eb33aed
target: esp32s3
version: 2.0.0
